// !$*UTF8*$!
{
	archiveVersion = 1;
	classes = {
	};
	objectVersion = 50;
	objects = {

/* Begin PBXBuildFile section */
		C408ABEE23FD235A003532E5 /* AppDelegate.swift in Sources */ = {isa = PBXBuildFile; fileRef = C408ABED23FD235A003532E5 /* AppDelegate.swift */; };
		C408ABF023FD235A003532E5 /* SceneDelegate.swift in Sources */ = {isa = PBXBuildFile; fileRef = C408ABEF23FD235A003532E5 /* SceneDelegate.swift */; };
		C408ABF223FD235A003532E5 /* ViewController.swift in Sources */ = {isa = PBXBuildFile; fileRef = C408ABF123FD235A003532E5 /* ViewController.swift */; };
		C408ABF523FD235A003532E5 /* Main.storyboard in Resources */ = {isa = PBXBuildFile; fileRef = C408ABF323FD235A003532E5 /* Main.storyboard */; };
		C408ABF723FD235B003532E5 /* Assets.xcassets in Resources */ = {isa = PBXBuildFile; fileRef = C408ABF623FD235B003532E5 /* Assets.xcassets */; };
		C408ABFA23FD235B003532E5 /* LaunchScreen.storyboard in Resources */ = {isa = PBXBuildFile; fileRef = C408ABF823FD235B003532E5 /* LaunchScreen.storyboard */; };
		C408AC0523FD235B003532E5 /* TerviTests.swift in Sources */ = {isa = PBXBuildFile; fileRef = C408AC0423FD235B003532E5 /* TerviTests.swift */; };
		C408AC1023FD235C003532E5 /* TerviUITests.swift in Sources */ = {isa = PBXBuildFile; fileRef = C408AC0F23FD235C003532E5 /* TerviUITests.swift */; };
		C438EF6824035C5C00C47A04 /* Declarative.swift in Sources */ = {isa = PBXBuildFile; fileRef = C438EF6724035C5C00C47A04 /* Declarative.swift */; };
		C465207B2403C8B900CA7071 /* ButtonView.swift in Sources */ = {isa = PBXBuildFile; fileRef = C465207A2403C8B900CA7071 /* ButtonView.swift */; };
		C465207F2403C8E900CA7071 /* ButtonView.xib in Resources */ = {isa = PBXBuildFile; fileRef = C465207E2403C8E900CA7071 /* ButtonView.xib */; };
		C475877323FFBB4300B1F80D /* StackViewExtension.swift in Sources */ = {isa = PBXBuildFile; fileRef = C475877223FFBB4300B1F80D /* StackViewExtension.swift */; };
		C475877623FFBDE400B1F80D /* UIColorExtension.swift in Sources */ = {isa = PBXBuildFile; fileRef = C475877523FFBDE400B1F80D /* UIColorExtension.swift */; };
		C475877823FFBECD00B1F80D /* CellView.swift in Sources */ = {isa = PBXBuildFile; fileRef = C475877723FFBECD00B1F80D /* CellView.swift */; };
		C475877D23FFD26B00B1F80D /* BoarderStackView.swift in Sources */ = {isa = PBXBuildFile; fileRef = C475877C23FFD26B00B1F80D /* BoarderStackView.swift */; };
		C475878123FFDBA600B1F80D /* CellView.xib in Resources */ = {isa = PBXBuildFile; fileRef = C475877F23FFD45C00B1F80D /* CellView.xib */; };
		C4DD16E72405146000467A49 /* ViewModel.swift in Sources */ = {isa = PBXBuildFile; fileRef = C4DD16E62405146000467A49 /* ViewModel.swift */; };
		C4DD16EA240514EC00467A49 /* Position.swift in Sources */ = {isa = PBXBuildFile; fileRef = C4DD16E9240514EC00467A49 /* Position.swift */; };
		C4DD16EC24051C2C00467A49 /* EntryViewController.swift in Sources */ = {isa = PBXBuildFile; fileRef = C4DD16EB24051C2C00467A49 /* EntryViewController.swift */; };
/* End PBXBuildFile section */

/* Begin PBXContainerItemProxy section */
		C408AC0123FD235B003532E5 /* PBXContainerItemProxy */ = {
			isa = PBXContainerItemProxy;
			containerPortal = C408ABE223FD235A003532E5 /* Project object */;
			proxyType = 1;
			remoteGlobalIDString = C408ABE923FD235A003532E5;
			remoteInfo = Tervi;
		};
		C408AC0C23FD235B003532E5 /* PBXContainerItemProxy */ = {
			isa = PBXContainerItemProxy;
			containerPortal = C408ABE223FD235A003532E5 /* Project object */;
			proxyType = 1;
			remoteGlobalIDString = C408ABE923FD235A003532E5;
			remoteInfo = Tervi;
		};
/* End PBXContainerItemProxy section */

/* Begin PBXFileReference section */
		C408ABEA23FD235A003532E5 /* Tervi.app */ = {isa = PBXFileReference; explicitFileType = wrapper.application; includeInIndex = 0; path = Tervi.app; sourceTree = BUILT_PRODUCTS_DIR; };
		C408ABED23FD235A003532E5 /* AppDelegate.swift */ = {isa = PBXFileReference; lastKnownFileType = sourcecode.swift; path = AppDelegate.swift; sourceTree = "<group>"; };
		C408ABEF23FD235A003532E5 /* SceneDelegate.swift */ = {isa = PBXFileReference; lastKnownFileType = sourcecode.swift; path = SceneDelegate.swift; sourceTree = "<group>"; };
		C408ABF123FD235A003532E5 /* ViewController.swift */ = {isa = PBXFileReference; lastKnownFileType = sourcecode.swift; path = ViewController.swift; sourceTree = "<group>"; };
		C408ABF423FD235A003532E5 /* Base */ = {isa = PBXFileReference; lastKnownFileType = file.storyboard; name = Base; path = Base.lproj/Main.storyboard; sourceTree = "<group>"; };
		C408ABF623FD235B003532E5 /* Assets.xcassets */ = {isa = PBXFileReference; lastKnownFileType = folder.assetcatalog; path = Assets.xcassets; sourceTree = "<group>"; };
		C408ABF923FD235B003532E5 /* Base */ = {isa = PBXFileReference; lastKnownFileType = file.storyboard; name = Base; path = Base.lproj/LaunchScreen.storyboard; sourceTree = "<group>"; };
		C408ABFB23FD235B003532E5 /* Info.plist */ = {isa = PBXFileReference; lastKnownFileType = text.plist.xml; path = Info.plist; sourceTree = "<group>"; };
		C408AC0023FD235B003532E5 /* TerviTests.xctest */ = {isa = PBXFileReference; explicitFileType = wrapper.cfbundle; includeInIndex = 0; path = TerviTests.xctest; sourceTree = BUILT_PRODUCTS_DIR; };
		C408AC0423FD235B003532E5 /* TerviTests.swift */ = {isa = PBXFileReference; lastKnownFileType = sourcecode.swift; path = TerviTests.swift; sourceTree = "<group>"; };
		C408AC0623FD235B003532E5 /* Info.plist */ = {isa = PBXFileReference; lastKnownFileType = text.plist.xml; path = Info.plist; sourceTree = "<group>"; };
		C408AC0B23FD235B003532E5 /* TerviUITests.xctest */ = {isa = PBXFileReference; explicitFileType = wrapper.cfbundle; includeInIndex = 0; path = TerviUITests.xctest; sourceTree = BUILT_PRODUCTS_DIR; };
		C408AC0F23FD235C003532E5 /* TerviUITests.swift */ = {isa = PBXFileReference; lastKnownFileType = sourcecode.swift; path = TerviUITests.swift; sourceTree = "<group>"; };
		C408AC1123FD235C003532E5 /* Info.plist */ = {isa = PBXFileReference; lastKnownFileType = text.plist.xml; path = Info.plist; sourceTree = "<group>"; };
		C438EF6724035C5C00C47A04 /* Declarative.swift */ = {isa = PBXFileReference; lastKnownFileType = sourcecode.swift; path = Declarative.swift; sourceTree = "<group>"; };
		C465207A2403C8B900CA7071 /* ButtonView.swift */ = {isa = PBXFileReference; lastKnownFileType = sourcecode.swift; path = ButtonView.swift; sourceTree = "<group>"; };
		C465207E2403C8E900CA7071 /* ButtonView.xib */ = {isa = PBXFileReference; lastKnownFileType = file.xib; path = ButtonView.xib; sourceTree = "<group>"; };
		C475877223FFBB4300B1F80D /* StackViewExtension.swift */ = {isa = PBXFileReference; lastKnownFileType = sourcecode.swift; path = StackViewExtension.swift; sourceTree = "<group>"; };
		C475877523FFBDE400B1F80D /* UIColorExtension.swift */ = {isa = PBXFileReference; lastKnownFileType = sourcecode.swift; path = UIColorExtension.swift; sourceTree = "<group>"; };
		C475877723FFBECD00B1F80D /* CellView.swift */ = {isa = PBXFileReference; lastKnownFileType = sourcecode.swift; path = CellView.swift; sourceTree = "<group>"; };
		C475877C23FFD26B00B1F80D /* BoarderStackView.swift */ = {isa = PBXFileReference; lastKnownFileType = sourcecode.swift; path = BoarderStackView.swift; sourceTree = "<group>"; };
		C475877F23FFD45C00B1F80D /* CellView.xib */ = {isa = PBXFileReference; lastKnownFileType = file.xib; path = CellView.xib; sourceTree = "<group>"; };
		C4DD16E62405146000467A49 /* ViewModel.swift */ = {isa = PBXFileReference; lastKnownFileType = sourcecode.swift; path = ViewModel.swift; sourceTree = "<group>"; };
		C4DD16E9240514EC00467A49 /* Position.swift */ = {isa = PBXFileReference; lastKnownFileType = sourcecode.swift; path = Position.swift; sourceTree = "<group>"; };
		C4DD16EB24051C2C00467A49 /* EntryViewController.swift */ = {isa = PBXFileReference; lastKnownFileType = sourcecode.swift; path = EntryViewController.swift; sourceTree = "<group>"; };
/* End PBXFileReference section */

/* Begin PBXFrameworksBuildPhase section */
		C408ABE723FD235A003532E5 /* Frameworks */ = {
			isa = PBXFrameworksBuildPhase;
			buildActionMask = 2147483647;
			files = (
			);
			runOnlyForDeploymentPostprocessing = 0;
		};
		C408ABFD23FD235B003532E5 /* Frameworks */ = {
			isa = PBXFrameworksBuildPhase;
			buildActionMask = 2147483647;
			files = (
			);
			runOnlyForDeploymentPostprocessing = 0;
		};
		C408AC0823FD235B003532E5 /* Frameworks */ = {
			isa = PBXFrameworksBuildPhase;
			buildActionMask = 2147483647;
			files = (
			);
			runOnlyForDeploymentPostprocessing = 0;
		};
/* End PBXFrameworksBuildPhase section */

/* Begin PBXGroup section */
		C408ABE123FD235A003532E5 = {
			isa = PBXGroup;
			children = (
				C408ABEC23FD235A003532E5 /* Tervi */,
				C408AC0323FD235B003532E5 /* TerviTests */,
				C408AC0E23FD235B003532E5 /* TerviUITests */,
				C408ABEB23FD235A003532E5 /* Products */,
			);
			sourceTree = "<group>";
		};
		C408ABEB23FD235A003532E5 /* Products */ = {
			isa = PBXGroup;
			children = (
				C408ABEA23FD235A003532E5 /* Tervi.app */,
				C408AC0023FD235B003532E5 /* TerviTests.xctest */,
				C408AC0B23FD235B003532E5 /* TerviUITests.xctest */,
			);
			name = Products;
			sourceTree = "<group>";
		};
		C408ABEC23FD235A003532E5 /* Tervi */ = {
			isa = PBXGroup;
			children = (
				C408ABED23FD235A003532E5 /* AppDelegate.swift */,
				C408ABEF23FD235A003532E5 /* SceneDelegate.swift */,
				C4DD16E8240514DF00467A49 /* Entity */,
				C475877923FFBED200B1F80D /* View */,
				C4DD16E42405143200467A49 /* ViewController */,
				C4DD16E52405144E00467A49 /* ViewModel */,
				C408ABF323FD235A003532E5 /* Main.storyboard */,
				C475877423FFBB4E00B1F80D /* Extension */,
				C408ABF623FD235B003532E5 /* Assets.xcassets */,
				C408ABF823FD235B003532E5 /* LaunchScreen.storyboard */,
				C408ABFB23FD235B003532E5 /* Info.plist */,
			);
			path = Tervi;
			sourceTree = "<group>";
		};
		C408AC0323FD235B003532E5 /* TerviTests */ = {
			isa = PBXGroup;
			children = (
				C408AC0423FD235B003532E5 /* TerviTests.swift */,
				C408AC0623FD235B003532E5 /* Info.plist */,
			);
			path = TerviTests;
			sourceTree = "<group>";
		};
		C408AC0E23FD235B003532E5 /* TerviUITests */ = {
			isa = PBXGroup;
			children = (
				C408AC0F23FD235C003532E5 /* TerviUITests.swift */,
				C408AC1123FD235C003532E5 /* Info.plist */,
			);
			path = TerviUITests;
			sourceTree = "<group>";
		};
		C40A91B82403B9C600E8BF0B /* ButtonView */ = {
			isa = PBXGroup;
			children = (
				C465207A2403C8B900CA7071 /* ButtonView.swift */,
				C465207E2403C8E900CA7071 /* ButtonView.xib */,
			);
			path = ButtonView;
			sourceTree = "<group>";
		};
		C475877423FFBB4E00B1F80D /* Extension */ = {
			isa = PBXGroup;
			children = (
				C475877223FFBB4300B1F80D /* StackViewExtension.swift */,
				C438EF6724035C5C00C47A04 /* Declarative.swift */,
				C475877523FFBDE400B1F80D /* UIColorExtension.swift */,
			);
			path = Extension;
			sourceTree = "<group>";
		};
		C475877923FFBED200B1F80D /* View */ = {
			isa = PBXGroup;
			children = (
				C40A91B82403B9C600E8BF0B /* ButtonView */,
				C475877E23FFD44E00B1F80D /* CellView */,
				C475877C23FFD26B00B1F80D /* BoarderStackView.swift */,
			);
			path = View;
			sourceTree = "<group>";
		};
		C475877E23FFD44E00B1F80D /* CellView */ = {
			isa = PBXGroup;
			children = (
				C475877723FFBECD00B1F80D /* CellView.swift */,
				C475877F23FFD45C00B1F80D /* CellView.xib */,
			);
			path = CellView;
			sourceTree = "<group>";
		};
		C4DD16E42405143200467A49 /* ViewController */ = {
			isa = PBXGroup;
			children = (
				C408ABF123FD235A003532E5 /* ViewController.swift */,
				C4DD16EB24051C2C00467A49 /* EntryViewController.swift */,
			);
			path = ViewController;
			sourceTree = "<group>";
		};
		C4DD16E52405144E00467A49 /* ViewModel */ = {
			isa = PBXGroup;
			children = (
				C4DD16E62405146000467A49 /* ViewModel.swift */,
			);
			path = ViewModel;
			sourceTree = "<group>";
		};
		C4DD16E8240514DF00467A49 /* Entity */ = {
			isa = PBXGroup;
			children = (
				C4DD16E9240514EC00467A49 /* Position.swift */,
			);
			path = Entity;
			sourceTree = "<group>";
		};
/* End PBXGroup section */

/* Begin PBXNativeTarget section */
		C408ABE923FD235A003532E5 /* Tervi */ = {
			isa = PBXNativeTarget;
			buildConfigurationList = C408AC1423FD235C003532E5 /* Build configuration list for PBXNativeTarget "Tervi" */;
			buildPhases = (
				C408ABE623FD235A003532E5 /* Sources */,
				C408ABE723FD235A003532E5 /* Frameworks */,
				C408ABE823FD235A003532E5 /* Resources */,
			);
			buildRules = (
			);
			dependencies = (
			);
			name = Tervi;
			productName = Tervi;
			productReference = C408ABEA23FD235A003532E5 /* Tervi.app */;
			productType = "com.apple.product-type.application";
		};
		C408ABFF23FD235B003532E5 /* TerviTests */ = {
			isa = PBXNativeTarget;
			buildConfigurationList = C408AC1723FD235C003532E5 /* Build configuration list for PBXNativeTarget "TerviTests" */;
			buildPhases = (
				C408ABFC23FD235B003532E5 /* Sources */,
				C408ABFD23FD235B003532E5 /* Frameworks */,
				C408ABFE23FD235B003532E5 /* Resources */,
			);
			buildRules = (
			);
			dependencies = (
				C408AC0223FD235B003532E5 /* PBXTargetDependency */,
			);
			name = TerviTests;
			productName = TerviTests;
			productReference = C408AC0023FD235B003532E5 /* TerviTests.xctest */;
			productType = "com.apple.product-type.bundle.unit-test";
		};
		C408AC0A23FD235B003532E5 /* TerviUITests */ = {
			isa = PBXNativeTarget;
			buildConfigurationList = C408AC1A23FD235C003532E5 /* Build configuration list for PBXNativeTarget "TerviUITests" */;
			buildPhases = (
				C408AC0723FD235B003532E5 /* Sources */,
				C408AC0823FD235B003532E5 /* Frameworks */,
				C408AC0923FD235B003532E5 /* Resources */,
			);
			buildRules = (
			);
			dependencies = (
				C408AC0D23FD235B003532E5 /* PBXTargetDependency */,
			);
			name = TerviUITests;
			productName = TerviUITests;
			productReference = C408AC0B23FD235B003532E5 /* TerviUITests.xctest */;
			productType = "com.apple.product-type.bundle.ui-testing";
		};
/* End PBXNativeTarget section */

/* Begin PBXProject section */
		C408ABE223FD235A003532E5 /* Project object */ = {
			isa = PBXProject;
			attributes = {
				LastSwiftUpdateCheck = 1100;
				LastUpgradeCheck = 1100;
				ORGANIZATIONNAME = 11111;
				TargetAttributes = {
					C408ABE923FD235A003532E5 = {
						CreatedOnToolsVersion = 11.0;
					};
					C408ABFF23FD235B003532E5 = {
						CreatedOnToolsVersion = 11.0;
						TestTargetID = C408ABE923FD235A003532E5;
					};
					C408AC0A23FD235B003532E5 = {
						CreatedOnToolsVersion = 11.0;
						TestTargetID = C408ABE923FD235A003532E5;
					};
				};
			};
			buildConfigurationList = C408ABE523FD235A003532E5 /* Build configuration list for PBXProject "Tervi" */;
			compatibilityVersion = "Xcode 9.3";
			developmentRegion = en;
			hasScannedForEncodings = 0;
			knownRegions = (
				en,
				Base,
			);
			mainGroup = C408ABE123FD235A003532E5;
			productRefGroup = C408ABEB23FD235A003532E5 /* Products */;
			projectDirPath = "";
			projectRoot = "";
			targets = (
				C408ABE923FD235A003532E5 /* Tervi */,
				C408ABFF23FD235B003532E5 /* TerviTests */,
				C408AC0A23FD235B003532E5 /* TerviUITests */,
			);
		};
/* End PBXProject section */

/* Begin PBXResourcesBuildPhase section */
		C408ABE823FD235A003532E5 /* Resources */ = {
			isa = PBXResourcesBuildPhase;
			buildActionMask = 2147483647;
			files = (
				C475878123FFDBA600B1F80D /* CellView.xib in Resources */,
				C408ABFA23FD235B003532E5 /* LaunchScreen.storyboard in Resources */,
				C408ABF723FD235B003532E5 /* Assets.xcassets in Resources */,
				C465207F2403C8E900CA7071 /* ButtonView.xib in Resources */,
				C408ABF523FD235A003532E5 /* Main.storyboard in Resources */,
			);
			runOnlyForDeploymentPostprocessing = 0;
		};
		C408ABFE23FD235B003532E5 /* Resources */ = {
			isa = PBXResourcesBuildPhase;
			buildActionMask = 2147483647;
			files = (
			);
			runOnlyForDeploymentPostprocessing = 0;
		};
		C408AC0923FD235B003532E5 /* Resources */ = {
			isa = PBXResourcesBuildPhase;
			buildActionMask = 2147483647;
			files = (
			);
			runOnlyForDeploymentPostprocessing = 0;
		};
/* End PBXResourcesBuildPhase section */

/* Begin PBXSourcesBuildPhase section */
		C408ABE623FD235A003532E5 /* Sources */ = {
			isa = PBXSourcesBuildPhase;
			buildActionMask = 2147483647;
			files = (
				C4DD16EA240514EC00467A49 /* Position.swift in Sources */,
				C4DD16E72405146000467A49 /* ViewModel.swift in Sources */,
				C438EF6824035C5C00C47A04 /* Declarative.swift in Sources */,
				C475877D23FFD26B00B1F80D /* BoarderStackView.swift in Sources */,
				C408ABF223FD235A003532E5 /* ViewController.swift in Sources */,
				C4DD16EC24051C2C00467A49 /* EntryViewController.swift in Sources */,
				C475877323FFBB4300B1F80D /* StackViewExtension.swift in Sources */,
				C475877823FFBECD00B1F80D /* CellView.swift in Sources */,
				C475877623FFBDE400B1F80D /* UIColorExtension.swift in Sources */,
				C408ABEE23FD235A003532E5 /* AppDelegate.swift in Sources */,
				C408ABF023FD235A003532E5 /* SceneDelegate.swift in Sources */,
				C465207B2403C8B900CA7071 /* ButtonView.swift in Sources */,
			);
			runOnlyForDeploymentPostprocessing = 0;
		};
		C408ABFC23FD235B003532E5 /* Sources */ = {
			isa = PBXSourcesBuildPhase;
			buildActionMask = 2147483647;
			files = (
				C408AC0523FD235B003532E5 /* TerviTests.swift in Sources */,
			);
			runOnlyForDeploymentPostprocessing = 0;
		};
		C408AC0723FD235B003532E5 /* Sources */ = {
			isa = PBXSourcesBuildPhase;
			buildActionMask = 2147483647;
			files = (
				C408AC1023FD235C003532E5 /* TerviUITests.swift in Sources */,
			);
			runOnlyForDeploymentPostprocessing = 0;
		};
/* End PBXSourcesBuildPhase section */

/* Begin PBXTargetDependency section */
		C408AC0223FD235B003532E5 /* PBXTargetDependency */ = {
			isa = PBXTargetDependency;
			target = C408ABE923FD235A003532E5 /* Tervi */;
			targetProxy = C408AC0123FD235B003532E5 /* PBXContainerItemProxy */;
		};
		C408AC0D23FD235B003532E5 /* PBXTargetDependency */ = {
			isa = PBXTargetDependency;
			target = C408ABE923FD235A003532E5 /* Tervi */;
			targetProxy = C408AC0C23FD235B003532E5 /* PBXContainerItemProxy */;
		};
/* End PBXTargetDependency section */

/* Begin PBXVariantGroup section */
		C408ABF323FD235A003532E5 /* Main.storyboard */ = {
			isa = PBXVariantGroup;
			children = (
				C408ABF423FD235A003532E5 /* Base */,
			);
			name = Main.storyboard;
			sourceTree = "<group>";
		};
		C408ABF823FD235B003532E5 /* LaunchScreen.storyboard */ = {
			isa = PBXVariantGroup;
			children = (
				C408ABF923FD235B003532E5 /* Base */,
			);
			name = LaunchScreen.storyboard;
			sourceTree = "<group>";
		};
/* End PBXVariantGroup section */

/* Begin XCBuildConfiguration section */
		C408AC1223FD235C003532E5 /* Debug */ = {
			isa = XCBuildConfiguration;
			buildSettings = {
				ALWAYS_SEARCH_USER_PATHS = NO;
				CLANG_ANALYZER_NONNULL = YES;
				CLANG_ANALYZER_NUMBER_OBJECT_CONVERSION = YES_AGGRESSIVE;
				CLANG_CXX_LANGUAGE_STANDARD = "gnu++14";
				CLANG_CXX_LIBRARY = "libc++";
				CLANG_ENABLE_MODULES = YES;
				CLANG_ENABLE_OBJC_ARC = YES;
				CLANG_ENABLE_OBJC_WEAK = YES;
				CLANG_WARN_BLOCK_CAPTURE_AUTORELEASING = YES;
				CLANG_WARN_BOOL_CONVERSION = YES;
				CLANG_WARN_COMMA = YES;
				CLANG_WARN_CONSTANT_CONVERSION = YES;
				CLANG_WARN_DEPRECATED_OBJC_IMPLEMENTATIONS = YES;
				CLANG_WARN_DIRECT_OBJC_ISA_USAGE = YES_ERROR;
				CLANG_WARN_DOCUMENTATION_COMMENTS = YES;
				CLANG_WARN_EMPTY_BODY = YES;
				CLANG_WARN_ENUM_CONVERSION = YES;
				CLANG_WARN_INFINITE_RECURSION = YES;
				CLANG_WARN_INT_CONVERSION = YES;
				CLANG_WARN_NON_LITERAL_NULL_CONVERSION = YES;
				CLANG_WARN_OBJC_IMPLICIT_RETAIN_SELF = YES;
				CLANG_WARN_OBJC_LITERAL_CONVERSION = YES;
				CLANG_WARN_OBJC_ROOT_CLASS = YES_ERROR;
				CLANG_WARN_RANGE_LOOP_ANALYSIS = YES;
				CLANG_WARN_STRICT_PROTOTYPES = YES;
				CLANG_WARN_SUSPICIOUS_MOVE = YES;
				CLANG_WARN_UNGUARDED_AVAILABILITY = YES_AGGRESSIVE;
				CLANG_WARN_UNREACHABLE_CODE = YES;
				CLANG_WARN__DUPLICATE_METHOD_MATCH = YES;
				COPY_PHASE_STRIP = NO;
				DEBUG_INFORMATION_FORMAT = dwarf;
				ENABLE_STRICT_OBJC_MSGSEND = YES;
				ENABLE_TESTABILITY = YES;
				GCC_C_LANGUAGE_STANDARD = gnu11;
				GCC_DYNAMIC_NO_PIC = NO;
				GCC_NO_COMMON_BLOCKS = YES;
				GCC_OPTIMIZATION_LEVEL = 0;
				GCC_PREPROCESSOR_DEFINITIONS = (
					"DEBUG=1",
					"$(inherited)",
				);
				GCC_WARN_64_TO_32_BIT_CONVERSION = YES;
				GCC_WARN_ABOUT_RETURN_TYPE = YES_ERROR;
				GCC_WARN_UNDECLARED_SELECTOR = YES;
				GCC_WARN_UNINITIALIZED_AUTOS = YES_AGGRESSIVE;
				GCC_WARN_UNUSED_FUNCTION = YES;
				GCC_WARN_UNUSED_VARIABLE = YES;
				IPHONEOS_DEPLOYMENT_TARGET = 13.0;
				MTL_ENABLE_DEBUG_INFO = INCLUDE_SOURCE;
				MTL_FAST_MATH = YES;
				ONLY_ACTIVE_ARCH = YES;
				SDKROOT = iphoneos;
				SWIFT_ACTIVE_COMPILATION_CONDITIONS = DEBUG;
				SWIFT_OPTIMIZATION_LEVEL = "-Onone";
			};
			name = Debug;
		};
		C408AC1323FD235C003532E5 /* Release */ = {
			isa = XCBuildConfiguration;
			buildSettings = {
				ALWAYS_SEARCH_USER_PATHS = NO;
				CLANG_ANALYZER_NONNULL = YES;
				CLANG_ANALYZER_NUMBER_OBJECT_CONVERSION = YES_AGGRESSIVE;
				CLANG_CXX_LANGUAGE_STANDARD = "gnu++14";
				CLANG_CXX_LIBRARY = "libc++";
				CLANG_ENABLE_MODULES = YES;
				CLANG_ENABLE_OBJC_ARC = YES;
				CLANG_ENABLE_OBJC_WEAK = YES;
				CLANG_WARN_BLOCK_CAPTURE_AUTORELEASING = YES;
				CLANG_WARN_BOOL_CONVERSION = YES;
				CLANG_WARN_COMMA = YES;
				CLANG_WARN_CONSTANT_CONVERSION = YES;
				CLANG_WARN_DEPRECATED_OBJC_IMPLEMENTATIONS = YES;
				CLANG_WARN_DIRECT_OBJC_ISA_USAGE = YES_ERROR;
				CLANG_WARN_DOCUMENTATION_COMMENTS = YES;
				CLANG_WARN_EMPTY_BODY = YES;
				CLANG_WARN_ENUM_CONVERSION = YES;
				CLANG_WARN_INFINITE_RECURSION = YES;
				CLANG_WARN_INT_CONVERSION = YES;
				CLANG_WARN_NON_LITERAL_NULL_CONVERSION = YES;
				CLANG_WARN_OBJC_IMPLICIT_RETAIN_SELF = YES;
				CLANG_WARN_OBJC_LITERAL_CONVERSION = YES;
				CLANG_WARN_OBJC_ROOT_CLASS = YES_ERROR;
				CLANG_WARN_RANGE_LOOP_ANALYSIS = YES;
				CLANG_WARN_STRICT_PROTOTYPES = YES;
				CLANG_WARN_SUSPICIOUS_MOVE = YES;
				CLANG_WARN_UNGUARDED_AVAILABILITY = YES_AGGRESSIVE;
				CLANG_WARN_UNREACHABLE_CODE = YES;
				CLANG_WARN__DUPLICATE_METHOD_MATCH = YES;
				COPY_PHASE_STRIP = NO;
				DEBUG_INFORMATION_FORMAT = "dwarf-with-dsym";
				ENABLE_NS_ASSERTIONS = NO;
				ENABLE_STRICT_OBJC_MSGSEND = YES;
				GCC_C_LANGUAGE_STANDARD = gnu11;
				GCC_NO_COMMON_BLOCKS = YES;
				GCC_WARN_64_TO_32_BIT_CONVERSION = YES;
				GCC_WARN_ABOUT_RETURN_TYPE = YES_ERROR;
				GCC_WARN_UNDECLARED_SELECTOR = YES;
				GCC_WARN_UNINITIALIZED_AUTOS = YES_AGGRESSIVE;
				GCC_WARN_UNUSED_FUNCTION = YES;
				GCC_WARN_UNUSED_VARIABLE = YES;
				IPHONEOS_DEPLOYMENT_TARGET = 13.0;
				MTL_ENABLE_DEBUG_INFO = NO;
				MTL_FAST_MATH = YES;
				SDKROOT = iphoneos;
				SWIFT_COMPILATION_MODE = wholemodule;
				SWIFT_OPTIMIZATION_LEVEL = "-O";
				VALIDATE_PRODUCT = YES;
			};
			name = Release;
		};
		C408AC1523FD235C003532E5 /* Debug */ = {
			isa = XCBuildConfiguration;
			buildSettings = {
				ASSETCATALOG_COMPILER_APPICON_NAME = AppIcon;
				CODE_SIGN_STYLE = Automatic;
				DEVELOPMENT_TEAM = 6XBR277X5F;
				INFOPLIST_FILE = Tervi/Info.plist;
				LD_RUNPATH_SEARCH_PATHS = (
					"$(inherited)",
					"@executable_path/Frameworks",
				);
				PRODUCT_BUNDLE_IDENTIFIER = "-1111.Tervi";
				PRODUCT_NAME = "$(TARGET_NAME)";
				SWIFT_VERSION = 5.0;
				TARGETED_DEVICE_FAMILY = "1,2";
			};
			name = Debug;
		};
		C408AC1623FD235C003532E5 /* Release */ = {
			isa = XCBuildConfiguration;
			buildSettings = {
				ASSETCATALOG_COMPILER_APPICON_NAME = AppIcon;
				CODE_SIGN_STYLE = Automatic;
				DEVELOPMENT_TEAM = 6XBR277X5F;
				INFOPLIST_FILE = Tervi/Info.plist;
				LD_RUNPATH_SEARCH_PATHS = (
					"$(inherited)",
					"@executable_path/Frameworks",
				);
				PRODUCT_BUNDLE_IDENTIFIER = "-1111.Tervi";
				PRODUCT_NAME = "$(TARGET_NAME)";
				SWIFT_VERSION = 5.0;
				TARGETED_DEVICE_FAMILY = "1,2";
			};
			name = Release;
		};
		C408AC1823FD235C003532E5 /* Debug */ = {
			isa = XCBuildConfiguration;
			buildSettings = {
				ALWAYS_EMBED_SWIFT_STANDARD_LIBRARIES = YES;
				BUNDLE_LOADER = "$(TEST_HOST)";
				CODE_SIGN_STYLE = Automatic;
				DEVELOPMENT_TEAM = 6XBR277X5F;
				INFOPLIST_FILE = TerviTests/Info.plist;
				IPHONEOS_DEPLOYMENT_TARGET = 13.0;
				LD_RUNPATH_SEARCH_PATHS = (
					"$(inherited)",
					"@executable_path/Frameworks",
					"@loader_path/Frameworks",
				);
				PRODUCT_BUNDLE_IDENTIFIER = "-1111.TerviTests";
				PRODUCT_NAME = "$(TARGET_NAME)";
				SWIFT_VERSION = 5.0;
				TARGETED_DEVICE_FAMILY = "1,2";
				TEST_HOST = "$(BUILT_PRODUCTS_DIR)/Tervi.app/Tervi";
			};
			name = Debug;
		};
		C408AC1923FD235C003532E5 /* Release */ = {
			isa = XCBuildConfiguration;
			buildSettings = {
				ALWAYS_EMBED_SWIFT_STANDARD_LIBRARIES = YES;
				BUNDLE_LOADER = "$(TEST_HOST)";
				CODE_SIGN_STYLE = Automatic;
				DEVELOPMENT_TEAM = 6XBR277X5F;
				INFOPLIST_FILE = TerviTests/Info.plist;
				IPHONEOS_DEPLOYMENT_TARGET = 13.0;
				LD_RUNPATH_SEARCH_PATHS = (
					"$(inherited)",
					"@executable_path/Frameworks",
					"@loader_path/Frameworks",
				);
				PRODUCT_BUNDLE_IDENTIFIER = "-1111.TerviTests";
				PRODUCT_NAME = "$(TARGET_NAME)";
				SWIFT_VERSION = 5.0;
				TARGETED_DEVICE_FAMILY = "1,2";
				TEST_HOST = "$(BUILT_PRODUCTS_DIR)/Tervi.app/Tervi";
			};
			name = Release;
		};
		C408AC1B23FD235C003532E5 /* Debug */ = {
			isa = XCBuildConfiguration;
			buildSettings = {
				ALWAYS_EMBED_SWIFT_STANDARD_LIBRARIES = YES;
				CODE_SIGN_STYLE = Automatic;
				DEVELOPMENT_TEAM = 6XBR277X5F;
				INFOPLIST_FILE = TerviUITests/Info.plist;
				LD_RUNPATH_SEARCH_PATHS = (
					"$(inherited)",
					"@executable_path/Frameworks",
					"@loader_path/Frameworks",
				);
				PRODUCT_BUNDLE_IDENTIFIER = "-1111.TerviUITests";
				PRODUCT_NAME = "$(TARGET_NAME)";
				SWIFT_VERSION = 5.0;
				TARGETED_DEVICE_FAMILY = "1,2";
				TEST_TARGET_NAME = Tervi;
			};
			name = Debug;
		};
		C408AC1C23FD235C003532E5 /* Release */ = {
			isa = XCBuildConfiguration;
			buildSettings = {
				ALWAYS_EMBED_SWIFT_STANDARD_LIBRARIES = YES;
				CODE_SIGN_STYLE = Automatic;
				DEVELOPMENT_TEAM = 6XBR277X5F;
				INFOPLIST_FILE = TerviUITests/Info.plist;
				LD_RUNPATH_SEARCH_PATHS = (
					"$(inherited)",
					"@executable_path/Frameworks",
					"@loader_path/Frameworks",
				);
				PRODUCT_BUNDLE_IDENTIFIER = "-1111.TerviUITests";
				PRODUCT_NAME = "$(TARGET_NAME)";
				SWIFT_VERSION = 5.0;
				TARGETED_DEVICE_FAMILY = "1,2";
				TEST_TARGET_NAME = Tervi;
			};
			name = Release;
		};
/* End XCBuildConfiguration section */

/* Begin XCConfigurationList section */
		C408ABE523FD235A003532E5 /* Build configuration list for PBXProject "Tervi" */ = {
			isa = XCConfigurationList;
			buildConfigurations = (
				C408AC1223FD235C003532E5 /* Debug */,
				C408AC1323FD235C003532E5 /* Release */,
			);
			defaultConfigurationIsVisible = 0;
			defaultConfigurationName = Release;
		};
		C408AC1423FD235C003532E5 /* Build configuration list for PBXNativeTarget "Tervi" */ = {
			isa = XCConfigurationList;
			buildConfigurations = (
				C408AC1523FD235C003532E5 /* Debug */,
				C408AC1623FD235C003532E5 /* Release */,
			);
			defaultConfigurationIsVisible = 0;
			defaultConfigurationName = Release;
		};
		C408AC1723FD235C003532E5 /* Build configuration list for PBXNativeTarget "TerviTests" */ = {
			isa = XCConfigurationList;
			buildConfigurations = (
				C408AC1823FD235C003532E5 /* Debug */,
				C408AC1923FD235C003532E5 /* Release */,
			);
			defaultConfigurationIsVisible = 0;
			defaultConfigurationName = Release;
		};
		C408AC1A23FD235C003532E5 /* Build configuration list for PBXNativeTarget "TerviUITests" */ = {
			isa = XCConfigurationList;
			buildConfigurations = (
				C408AC1B23FD235C003532E5 /* Debug */,
				C408AC1C23FD235C003532E5 /* Release */,
			);
			defaultConfigurationIsVisible = 0;
			defaultConfigurationName = Release;
		};
/* End XCConfigurationList section */
	};
	rootObject = C408ABE223FD235A003532E5 /* Project object */;
}
